
Microsoft Visual Studio Solution File, Format Version 12.00
# Visual Studio Version 16
VisualStudioVersion = 16.0.31605.320
MinimumVisualStudioVersion = 10.0.40219.1
Project("{FAE04EC0-301F-11D3-BF4B-00C04F79EFBC}") = "Patrones-Strategy", "Patrones-Strategy\Patrones-Strategy.csproj", "{3498210A-E648-4B56-B933-07555AFBFC29}"
EndProject
Global
	GlobalSection(SolutionConfigurationPlatforms) = preSolution
		Debug|Any CPU = Debug|Any CPU
		Release|Any CPU = Release|Any CPU
	EndGlobalSection
	GlobalSection(ProjectConfigurationPlatforms) = postSolution
		{3498210A-E648-4B56-B933-07555AFBFC29}.Debug|Any CPU.ActiveCfg = Debug|Any CPU
		{3498210A-E648-4B56-B933-07555AFBFC29}.Debug|Any CPU.Build.0 = Debug|Any CPU
		{3498210A-E648-4B56-B933-07555AFBFC29}.Release|Any CPU.ActiveCfg = Release|Any CPU
		{3498210A-E648-4B56-B933-07555AFBFC29}.Release|Any CPU.Build.0 = Release|Any CPU
	EndGlobalSection
	GlobalSection(SolutionProperties) = preSolution
		HideSolutionNode = FALSE
	EndGlobalSection
	GlobalSection(ExtensibilityGlobals) = postSolution
		SolutionGuid = {CFC7AB0F-41E9-4375-B43D-6E74350CA33E}
	EndGlobalSection
EndGlobal
